
Microsoft Visual Studio Solution File, Format Version 12.00
# Visual Studio Version 16
VisualStudioVersion = 16.0.31702.278
MinimumVisualStudioVersion = 10.0.40219.1
Project("{8BC9CEB8-8B4A-11D0-8D11-00A0C91BC942}") = "0926_ClassUtilizing", "0926_ClassUtilizing.vcxproj", "{88F8CD9C-4B47-4481-89B1-F0B66116EDFC}"
EndProject
Global
	GlobalSection(SolutionConfigurationPlatforms) = preSolution
		Debug|x64 = Debug|x64
		Debug|x86 = Debug|x86
		Release|x64 = Release|x64
		Release|x86 = Release|x86
	EndGlobalSection
	GlobalSection(ProjectConfigurationPlatforms) = postSolution
		{88F8CD9C-4B47-4481-89B1-F0B66116EDFC}.Debug|x64.ActiveCfg = Debug|x64
		{88F8CD9C-4B47-4481-89B1-F0B66116EDFC}.Debug|x64.Build.0 = Debug|x64
		{88F8CD9C-4B47-4481-89B1-F0B66116EDFC}.Debug|x86.ActiveCfg = Debug|Win32
		{88F8CD9C-4B47-4481-89B1-F0B66116EDFC}.Debug|x86.Build.0 = Debug|Win32
		{88F8CD9C-4B47-4481-89B1-F0B66116EDFC}.Release|x64.ActiveCfg = Release|x64
		{88F8CD9C-4B47-4481-89B1-F0B66116EDFC}.Release|x64.Build.0 = Release|x64
		{88F8CD9C-4B47-4481-89B1-F0B66116EDFC}.Release|x86.ActiveCfg = Release|Win32
		{88F8CD9C-4B47-4481-89B1-F0B66116EDFC}.Release|x86.Build.0 = Release|Win32
	EndGlobalSection
	GlobalSection(SolutionProperties) = preSolution
		HideSolutionNode = FALSE
	EndGlobalSection
	GlobalSection(ExtensibilityGlobals) = postSolution
		SolutionGuid = {66236A77-7054-4A2C-A6C9-5E124EE9805A}
	EndGlobalSection
EndGlobal
