
Microsoft Visual Studio Solution File, Format Version 12.00
# Visual Studio Version 16
VisualStudioVersion = 16.0.31205.134
MinimumVisualStudioVersion = 10.0.40219.1
Project("{8BC9CEB8-8B4A-11D0-8D11-00A0C91BC942}") = "0901_Study", "0901_Study.vcxproj", "{091D49CE-8D89-4123-8D31-4F4DA396FDED}"
EndProject
Global
	GlobalSection(SolutionConfigurationPlatforms) = preSolution
		Debug|x64 = Debug|x64
		Debug|x86 = Debug|x86
		Release|x64 = Release|x64
		Release|x86 = Release|x86
	EndGlobalSection
	GlobalSection(ProjectConfigurationPlatforms) = postSolution
		{091D49CE-8D89-4123-8D31-4F4DA396FDED}.Debug|x64.ActiveCfg = Debug|x64
		{091D49CE-8D89-4123-8D31-4F4DA396FDED}.Debug|x64.Build.0 = Debug|x64
		{091D49CE-8D89-4123-8D31-4F4DA396FDED}.Debug|x86.ActiveCfg = Debug|Win32
		{091D49CE-8D89-4123-8D31-4F4DA396FDED}.Debug|x86.Build.0 = Debug|Win32
		{091D49CE-8D89-4123-8D31-4F4DA396FDED}.Release|x64.ActiveCfg = Release|x64
		{091D49CE-8D89-4123-8D31-4F4DA396FDED}.Release|x64.Build.0 = Release|x64
		{091D49CE-8D89-4123-8D31-4F4DA396FDED}.Release|x86.ActiveCfg = Release|Win32
		{091D49CE-8D89-4123-8D31-4F4DA396FDED}.Release|x86.Build.0 = Release|Win32
	EndGlobalSection
	GlobalSection(SolutionProperties) = preSolution
		HideSolutionNode = FALSE
	EndGlobalSection
	GlobalSection(ExtensibilityGlobals) = postSolution
		SolutionGuid = {25C93D51-C15B-4447-91C6-4683D80F3CEB}
	EndGlobalSection
EndGlobal
