
Microsoft Visual Studio Solution File, Format Version 12.00
# Visual Studio Version 16
VisualStudioVersion = 16.0.31702.278
MinimumVisualStudioVersion = 10.0.40219.1
Project("{8BC9CEB8-8B4A-11D0-8D11-00A0C91BC942}") = "1002_InheritanceExam", "1002_InheritanceExam.vcxproj", "{D775B1BA-DB5D-4278-AA98-2F3ECF5C0134}"
EndProject
Global
	GlobalSection(SolutionConfigurationPlatforms) = preSolution
		Debug|x64 = Debug|x64
		Debug|x86 = Debug|x86
		Release|x64 = Release|x64
		Release|x86 = Release|x86
	EndGlobalSection
	GlobalSection(ProjectConfigurationPlatforms) = postSolution
		{D775B1BA-DB5D-4278-AA98-2F3ECF5C0134}.Debug|x64.ActiveCfg = Debug|x64
		{D775B1BA-DB5D-4278-AA98-2F3ECF5C0134}.Debug|x64.Build.0 = Debug|x64
		{D775B1BA-DB5D-4278-AA98-2F3ECF5C0134}.Debug|x86.ActiveCfg = Debug|Win32
		{D775B1BA-DB5D-4278-AA98-2F3ECF5C0134}.Debug|x86.Build.0 = Debug|Win32
		{D775B1BA-DB5D-4278-AA98-2F3ECF5C0134}.Release|x64.ActiveCfg = Release|x64
		{D775B1BA-DB5D-4278-AA98-2F3ECF5C0134}.Release|x64.Build.0 = Release|x64
		{D775B1BA-DB5D-4278-AA98-2F3ECF5C0134}.Release|x86.ActiveCfg = Release|Win32
		{D775B1BA-DB5D-4278-AA98-2F3ECF5C0134}.Release|x86.Build.0 = Release|Win32
	EndGlobalSection
	GlobalSection(SolutionProperties) = preSolution
		HideSolutionNode = FALSE
	EndGlobalSection
	GlobalSection(ExtensibilityGlobals) = postSolution
		SolutionGuid = {940A6AAC-B96C-40EC-BCC6-E587823E9B77}
	EndGlobalSection
EndGlobal
