
Microsoft Visual Studio Solution File, Format Version 12.00
# Visual Studio Version 16
VisualStudioVersion = 16.0.31205.134
MinimumVisualStudioVersion = 10.0.40219.1
Project("{8BC9CEB8-8B4A-11D0-8D11-00A0C91BC942}") = "0917_Function", "0917_Function.vcxproj", "{A6D26AF5-3088-4373-8E59-2BC6B7AFF9AF}"
EndProject
Global
	GlobalSection(SolutionConfigurationPlatforms) = preSolution
		Debug|x64 = Debug|x64
		Debug|x86 = Debug|x86
		Release|x64 = Release|x64
		Release|x86 = Release|x86
	EndGlobalSection
	GlobalSection(ProjectConfigurationPlatforms) = postSolution
		{A6D26AF5-3088-4373-8E59-2BC6B7AFF9AF}.Debug|x64.ActiveCfg = Debug|x64
		{A6D26AF5-3088-4373-8E59-2BC6B7AFF9AF}.Debug|x64.Build.0 = Debug|x64
		{A6D26AF5-3088-4373-8E59-2BC6B7AFF9AF}.Debug|x86.ActiveCfg = Debug|Win32
		{A6D26AF5-3088-4373-8E59-2BC6B7AFF9AF}.Debug|x86.Build.0 = Debug|Win32
		{A6D26AF5-3088-4373-8E59-2BC6B7AFF9AF}.Release|x64.ActiveCfg = Release|x64
		{A6D26AF5-3088-4373-8E59-2BC6B7AFF9AF}.Release|x64.Build.0 = Release|x64
		{A6D26AF5-3088-4373-8E59-2BC6B7AFF9AF}.Release|x86.ActiveCfg = Release|Win32
		{A6D26AF5-3088-4373-8E59-2BC6B7AFF9AF}.Release|x86.Build.0 = Release|Win32
	EndGlobalSection
	GlobalSection(SolutionProperties) = preSolution
		HideSolutionNode = FALSE
	EndGlobalSection
	GlobalSection(ExtensibilityGlobals) = postSolution
		SolutionGuid = {5A31A581-E383-441E-8756-A2665214D81F}
	EndGlobalSection
EndGlobal
