
Microsoft Visual Studio Solution File, Format Version 12.00
# Visual Studio Version 16
VisualStudioVersion = 16.0.31205.134
MinimumVisualStudioVersion = 10.0.40219.1
Project("{8BC9CEB8-8B4A-11D0-8D11-00A0C91BC942}") = "0916_FunctionPtr", "0916_FunctionPtr.vcxproj", "{49A3C79A-B037-493A-B359-77CC8EA2C73D}"
EndProject
Global
	GlobalSection(SolutionConfigurationPlatforms) = preSolution
		Debug|x64 = Debug|x64
		Debug|x86 = Debug|x86
		Release|x64 = Release|x64
		Release|x86 = Release|x86
	EndGlobalSection
	GlobalSection(ProjectConfigurationPlatforms) = postSolution
		{49A3C79A-B037-493A-B359-77CC8EA2C73D}.Debug|x64.ActiveCfg = Debug|x64
		{49A3C79A-B037-493A-B359-77CC8EA2C73D}.Debug|x64.Build.0 = Debug|x64
		{49A3C79A-B037-493A-B359-77CC8EA2C73D}.Debug|x86.ActiveCfg = Debug|Win32
		{49A3C79A-B037-493A-B359-77CC8EA2C73D}.Debug|x86.Build.0 = Debug|Win32
		{49A3C79A-B037-493A-B359-77CC8EA2C73D}.Release|x64.ActiveCfg = Release|x64
		{49A3C79A-B037-493A-B359-77CC8EA2C73D}.Release|x64.Build.0 = Release|x64
		{49A3C79A-B037-493A-B359-77CC8EA2C73D}.Release|x86.ActiveCfg = Release|Win32
		{49A3C79A-B037-493A-B359-77CC8EA2C73D}.Release|x86.Build.0 = Release|Win32
	EndGlobalSection
	GlobalSection(SolutionProperties) = preSolution
		HideSolutionNode = FALSE
	EndGlobalSection
	GlobalSection(ExtensibilityGlobals) = postSolution
		SolutionGuid = {8ABF13D4-B283-4B59-949D-4CECE08A95CC}
	EndGlobalSection
EndGlobal
